// !$*UTF8*$!
{
	archiveVersion = 1;
	classes = {
	};
	objectVersion = 46;
	objects = {

/* Begin PBXBuildFile section */
		6E89249C1B427EFF00858C29 /* main.m in Sources */ = {isa = PBXBuildFile; fileRef = 6E89249B1B427EFF00858C29 /* main.m */; };
		6E89249F1B427EFF00858C29 /* AppDelegate.m in Sources */ = {isa = PBXBuildFile; fileRef = 6E89249E1B427EFF00858C29 /* AppDelegate.m */; };
		6E8924A21B427EFF00858C29 /* ViewController.m in Sources */ = {isa = PBXBuildFile; fileRef = 6E8924A11B427EFF00858C29 /* ViewController.m */; };
		6E8924A51B427EFF00858C29 /* Main.storyboard in Resources */ = {isa = PBXBuildFile; fileRef = 6E8924A31B427EFF00858C29 /* Main.storyboard */; };
		6E8924A71B427EFF00858C29 /* Images.xcassets in Resources */ = {isa = PBXBuildFile; fileRef = 6E8924A61B427EFF00858C29 /* Images.xcassets */; };
		6E8924AA1B427EFF00858C29 /* LaunchScreen.xib in Resources */ = {isa = PBXBuildFile; fileRef = 6E8924A81B427EFF00858C29 /* LaunchScreen.xib */; };
		6E8924B61B427EFF00858C29 /* Quartz2DDemoTests.m in Sources */ = {isa = PBXBuildFile; fileRef = 6E8924B51B427EFF00858C29 /* Quartz2DDemoTests.m */; };
/* End PBXBuildFile section */

/* Begin PBXContainerItemProxy section */
		6E8924B01B427EFF00858C29 /* PBXContainerItemProxy */ = {
			isa = PBXContainerItemProxy;
			containerPortal = 6E89248E1B427EFD00858C29 /* Project object */;
			proxyType = 1;
			remoteGlobalIDString = 6E8924951B427EFE00858C29;
			remoteInfo = Quartz2DDemo;
		};
/* End PBXContainerItemProxy section */

/* Begin PBXFileReference section */
		6E8924961B427EFE00858C29 /* Quartz2DDemo.app */ = {isa = PBXFileReference; explicitFileType = wrapper.application; includeInIndex = 0; path = Quartz2DDemo.app; sourceTree = BUILT_PRODUCTS_DIR; };
		6E89249A1B427EFF00858C29 /* Info.plist */ = {isa = PBXFileReference; lastKnownFileType = text.plist.xml; path = Info.plist; sourceTree = "<group>"; };
		6E89249B1B427EFF00858C29 /* main.m */ = {isa = PBXFileReference; lastKnownFileType = sourcecode.c.objc; path = main.m; sourceTree = "<group>"; };
		6E89249D1B427EFF00858C29 /* AppDelegate.h */ = {isa = PBXFileReference; lastKnownFileType = sourcecode.c.h; path = AppDelegate.h; sourceTree = "<group>"; };
		6E89249E1B427EFF00858C29 /* AppDelegate.m */ = {isa = PBXFileReference; lastKnownFileType = sourcecode.c.objc; path = AppDelegate.m; sourceTree = "<group>"; };
		6E8924A01B427EFF00858C29 /* ViewController.h */ = {isa = PBXFileReference; lastKnownFileType = sourcecode.c.h; path = ViewController.h; sourceTree = "<group>"; };
		6E8924A11B427EFF00858C29 /* ViewController.m */ = {isa = PBXFileReference; lastKnownFileType = sourcecode.c.objc; path = ViewController.m; sourceTree = "<group>"; };
		6E8924A41B427EFF00858C29 /* Base */ = {isa = PBXFileReference; lastKnownFileType = file.storyboard; name = Base; path = Base.lproj/Main.storyboard; sourceTree = "<group>"; };
		6E8924A61B427EFF00858C29 /* Images.xcassets */ = {isa = PBXFileReference; lastKnownFileType = folder.assetcatalog; path = Images.xcassets; sourceTree = "<group>"; };
		6E8924A91B427EFF00858C29 /* Base */ = {isa = PBXFileReference; lastKnownFileType = file.xib; name = Base; path = Base.lproj/LaunchScreen.xib; sourceTree = "<group>"; };
		6E8924AF1B427EFF00858C29 /* Quartz2DDemoTests.xctest */ = {isa = PBXFileReference; explicitFileType = wrapper.cfbundle; includeInIndex = 0; path = Quartz2DDemoTests.xctest; sourceTree = BUILT_PRODUCTS_DIR; };
		6E8924B41B427EFF00858C29 /* Info.plist */ = {isa = PBXFileReference; lastKnownFileType = text.plist.xml; path = Info.plist; sourceTree = "<group>"; };
		6E8924B51B427EFF00858C29 /* Quartz2DDemoTests.m */ = {isa = PBXFileReference; lastKnownFileType = sourcecode.c.objc; path = Quartz2DDemoTests.m; sourceTree = "<group>"; };
/* End PBXFileReference section */

/* Begin PBXFrameworksBuildPhase section */
		6E8924931B427EFE00858C29 /* Frameworks */ = {
			isa = PBXFrameworksBuildPhase;
			buildActionMask = 2147483647;
			files = (
			);
			runOnlyForDeploymentPostprocessing = 0;
		};
		6E8924AC1B427EFF00858C29 /* Frameworks */ = {
			isa = PBXFrameworksBuildPhase;
			buildActionMask = 2147483647;
			files = (
			);
			runOnlyForDeploymentPostprocessing = 0;
		};
/* End PBXFrameworksBuildPhase section */

/* Begin PBXGroup section */
		6E89248D1B427EFD00858C29 = {
			isa = PBXGroup;
			children = (
				6E8924981B427EFE00858C29 /* Quartz2DDemo */,
				6E8924B21B427EFF00858C29 /* Quartz2DDemoTests */,
				6E8924971B427EFE00858C29 /* Products */,
			);
			sourceTree = "<group>";
		};
		6E8924971B427EFE00858C29 /* Products */ = {
			isa = PBXGroup;
			children = (
				6E8924961B427EFE00858C29 /* Quartz2DDemo.app */,
				6E8924AF1B427EFF00858C29 /* Quartz2DDemoTests.xctest */,
			);
			name = Products;
			sourceTree = "<group>";
		};
		6E8924981B427EFE00858C29 /* Quartz2DDemo */ = {
			isa = PBXGroup;
			children = (
				6E89249D1B427EFF00858C29 /* AppDelegate.h */,
				6E89249E1B427EFF00858C29 /* AppDelegate.m */,
				6E8924A01B427EFF00858C29 /* ViewController.h */,
				6E8924A11B427EFF00858C29 /* ViewController.m */,
				6E8924A31B427EFF00858C29 /* Main.storyboard */,
				6E8924A61B427EFF00858C29 /* Images.xcassets */,
				6E8924A81B427EFF00858C29 /* LaunchScreen.xib */,
				6E8924991B427EFE00858C29 /* Supporting Files */,
			);
			path = Quartz2DDemo;
			sourceTree = "<group>";
		};
		6E8924991B427EFE00858C29 /* Supporting Files */ = {
			isa = PBXGroup;
			children = (
				6E89249A1B427EFF00858C29 /* Info.plist */,
				6E89249B1B427EFF00858C29 /* main.m */,
			);
			name = "Supporting Files";
			sourceTree = "<group>";
		};
		6E8924B21B427EFF00858C29 /* Quartz2DDemoTests */ = {
			isa = PBXGroup;
			children = (
				6E8924B51B427EFF00858C29 /* Quartz2DDemoTests.m */,
				6E8924B31B427EFF00858C29 /* Supporting Files */,
			);
			path = Quartz2DDemoTests;
			sourceTree = "<group>";
		};
		6E8924B31B427EFF00858C29 /* Supporting Files */ = {
			isa = PBXGroup;
			children = (
				6E8924B41B427EFF00858C29 /* Info.plist */,
			);
			name = "Supporting Files";
			sourceTree = "<group>";
		};
/* End PBXGroup section */

/* Begin PBXNativeTarget section */
		6E8924951B427EFE00858C29 /* Quartz2DDemo */ = {
			isa = PBXNativeTarget;
			buildConfigurationList = 6E8924B91B427EFF00858C29 /* Build configuration list for PBXNativeTarget "Quartz2DDemo" */;
			buildPhases = (
				6E8924921B427EFE00858C29 /* Sources */,
				6E8924931B427EFE00858C29 /* Frameworks */,
				6E8924941B427EFE00858C29 /* Resources */,
			);
			buildRules = (
			);
			dependencies = (
			);
			name = Quartz2DDemo;
			productName = Quartz2DDemo;
			productReference = 6E8924961B427EFE00858C29 /* Quartz2DDemo.app */;
			productType = "com.apple.product-type.application";
		};
		6E8924AE1B427EFF00858C29 /* Quartz2DDemoTests */ = {
			isa = PBXNativeTarget;
			buildConfigurationList = 6E8924BC1B427EFF00858C29 /* Build configuration list for PBXNativeTarget "Quartz2DDemoTests" */;
			buildPhases = (
				6E8924AB1B427EFF00858C29 /* Sources */,
				6E8924AC1B427EFF00858C29 /* Frameworks */,
				6E8924AD1B427EFF00858C29 /* Resources */,
			);
			buildRules = (
			);
			dependencies = (
				6E8924B11B427EFF00858C29 /* PBXTargetDependency */,
			);
			name = Quartz2DDemoTests;
			productName = Quartz2DDemoTests;
			productReference = 6E8924AF1B427EFF00858C29 /* Quartz2DDemoTests.xctest */;
			productType = "com.apple.product-type.bundle.unit-test";
		};
/* End PBXNativeTarget section */

/* Begin PBXProject section */
		6E89248E1B427EFD00858C29 /* Project object */ = {
			isa = PBXProject;
			attributes = {
				LastUpgradeCheck = 0630;
				ORGANIZATIONNAME = jiajingjing;
				TargetAttributes = {
					6E8924951B427EFE00858C29 = {
						CreatedOnToolsVersion = 6.3.1;
					};
					6E8924AE1B427EFF00858C29 = {
						CreatedOnToolsVersion = 6.3.1;
						TestTargetID = 6E8924951B427EFE00858C29;
					};
				};
			};
			buildConfigurationList = 6E8924911B427EFE00858C29 /* Build configuration list for PBXProject "Quartz2DDemo" */;
			compatibilityVersion = "Xcode 3.2";
			developmentRegion = English;
			hasScannedForEncodings = 0;
			knownRegions = (
				en,
				Base,
			);
			mainGroup = 6E89248D1B427EFD00858C29;
			productRefGroup = 6E8924971B427EFE00858C29 /* Products */;
			projectDirPath = "";
			projectRoot = "";
			targets = (
				6E8924951B427EFE00858C29 /* Quartz2DDemo */,
				6E8924AE1B427EFF00858C29 /* Quartz2DDemoTests */,
			);
		};
/* End PBXProject section */

/* Begin PBXResourcesBuildPhase section */
		6E8924941B427EFE00858C29 /* Resources */ = {
			isa = PBXResourcesBuildPhase;
			buildActionMask = 2147483647;
			files = (
				6E8924A51B427EFF00858C29 /* Main.storyboard in Resources */,
				6E8924AA1B427EFF00858C29 /* LaunchScreen.xib in Resources */,
				6E8924A71B427EFF00858C29 /* Images.xcassets in Resources */,
			);
			runOnlyForDeploymentPostprocessing = 0;
		};
		6E8924AD1B427EFF00858C29 /* Resources */ = {
			isa = PBXResourcesBuildPhase;
			buildActionMask = 2147483647;
			files = (
			);
			runOnlyForDeploymentPostprocessing = 0;
		};
/* End PBXResourcesBuildPhase section */

/* Begin PBXSourcesBuildPhase section */
		6E8924921B427EFE00858C29 /* Sources */ = {
			isa = PBXSourcesBuildPhase;
			buildActionMask = 2147483647;
			files = (
				6E8924A21B427EFF00858C29 /* ViewController.m in Sources */,
				6E89249F1B427EFF00858C29 /* AppDelegate.m in Sources */,
				6E89249C1B427EFF00858C29 /* main.m in Sources */,
			);
			runOnlyForDeploymentPostprocessing = 0;
		};
		6E8924AB1B427EFF00858C29 /* Sources */ = {
			isa = PBXSourcesBuildPhase;
			buildActionMask = 2147483647;
			files = (
				6E8924B61B427EFF00858C29 /* Quartz2DDemoTests.m in Sources */,
			);
			runOnlyForDeploymentPostprocessing = 0;
		};
/* End PBXSourcesBuildPhase section */

/* Begin PBXTargetDependency section */
		6E8924B11B427EFF00858C29 /* PBXTargetDependency */ = {
			isa = PBXTargetDependency;
			target = 6E8924951B427EFE00858C29 /* Quartz2DDemo */;
			targetProxy = 6E8924B01B427EFF00858C29 /* PBXContainerItemProxy */;
		};
/* End PBXTargetDependency section */

/* Begin PBXVariantGroup section */
		6E8924A31B427EFF00858C29 /* Main.storyboard */ = {
			isa = PBXVariantGroup;
			children = (
				6E8924A41B427EFF00858C29 /* Base */,
			);
			name = Main.storyboard;
			sourceTree = "<group>";
		};
		6E8924A81B427EFF00858C29 /* LaunchScreen.xib */ = {
			isa = PBXVariantGroup;
			children = (
				6E8924A91B427EFF00858C29 /* Base */,
			);
			name = LaunchScreen.xib;
			sourceTree = "<group>";
		};
/* End PBXVariantGroup section */

/* Begin XCBuildConfiguration section */
		6E8924B71B427EFF00858C29 /* Debug */ = {
			isa = XCBuildConfiguration;
			buildSettings = {
				ALWAYS_SEARCH_USER_PATHS = NO;
				CLANG_CXX_LANGUAGE_STANDARD = "gnu++0x";
				CLANG_CXX_LIBRARY = "libc++";
				CLANG_ENABLE_MODULES = YES;
				CLANG_ENABLE_OBJC_ARC = YES;
				CLANG_WARN_BOOL_CONVERSION = YES;
				CLANG_WARN_CONSTANT_CONVERSION = YES;
				CLANG_WARN_DIRECT_OBJC_ISA_USAGE = YES_ERROR;
				CLANG_WARN_EMPTY_BODY = YES;
				CLANG_WARN_ENUM_CONVERSION = YES;
				CLANG_WARN_INT_CONVERSION = YES;
				CLANG_WARN_OBJC_ROOT_CLASS = YES_ERROR;
				CLANG_WARN_UNREACHABLE_CODE = YES;
				CLANG_WARN__DUPLICATE_METHOD_MATCH = YES;
				"CODE_SIGN_IDENTITY[sdk=iphoneos*]" = "iPhone Developer";
				COPY_PHASE_STRIP = NO;
				DEBUG_INFORMATION_FORMAT = "dwarf-with-dsym";
				ENABLE_STRICT_OBJC_MSGSEND = YES;
				GCC_C_LANGUAGE_STANDARD = gnu99;
				GCC_DYNAMIC_NO_PIC = NO;
				GCC_NO_COMMON_BLOCKS = YES;
				GCC_OPTIMIZATION_LEVEL = 0;
				GCC_PREPROCESSOR_DEFINITIONS = (
					"DEBUG=1",
					"$(inherited)",
				);
				GCC_SYMBOLS_PRIVATE_EXTERN = NO;
				GCC_WARN_64_TO_32_BIT_CONVERSION = YES;
				GCC_WARN_ABOUT_RETURN_TYPE = YES_ERROR;
				GCC_WARN_UNDECLARED_SELECTOR = YES;
				GCC_WARN_UNINITIALIZED_AUTOS = YES_AGGRESSIVE;
				GCC_WARN_UNUSED_FUNCTION = YES;
				GCC_WARN_UNUSED_VARIABLE = YES;
				IPHONEOS_DEPLOYMENT_TARGET = 8.3;
				MTL_ENABLE_DEBUG_INFO = YES;
				ONLY_ACTIVE_ARCH = YES;
				SDKROOT = iphoneos;
			};
			name = Debug;
		};
		6E8924B81B427EFF00858C29 /* Release */ = {
			isa = XCBuildConfiguration;
			buildSettings = {
				ALWAYS_SEARCH_USER_PATHS = NO;
				CLANG_CXX_LANGUAGE_STANDARD = "gnu++0x";
				CLANG_CXX_LIBRARY = "libc++";
				CLANG_ENABLE_MODULES = YES;
				CLANG_ENABLE_OBJC_ARC = YES;
				CLANG_WARN_BOOL_CONVERSION = YES;
				CLANG_WARN_CONSTANT_CONVERSION = YES;
				CLANG_WARN_DIRECT_OBJC_ISA_USAGE = YES_ERROR;
				CLANG_WARN_EMPTY_BODY = YES;
				CLANG_WARN_ENUM_CONVERSION = YES;
				CLANG_WARN_INT_CONVERSION = YES;
				CLANG_WARN_OBJC_ROOT_CLASS = YES_ERROR;
				CLANG_WARN_UNREACHABLE_CODE = YES;
				CLANG_WARN__DUPLICATE_METHOD_MATCH = YES;
				"CODE_SIGN_IDENTITY[sdk=iphoneos*]" = "iPhone Developer";
				COPY_PHASE_STRIP = NO;
				DEBUG_INFORMATION_FORMAT = "dwarf-with-dsym";
				ENABLE_NS_ASSERTIONS = NO;
				ENABLE_STRICT_OBJC_MSGSEND = YES;
				GCC_C_LANGUAGE_STANDARD = gnu99;
				GCC_NO_COMMON_BLOCKS = YES;
				GCC_WARN_64_TO_32_BIT_CONVERSION = YES;
				GCC_WARN_ABOUT_RETURN_TYPE = YES_ERROR;
				GCC_WARN_UNDECLARED_SELECTOR = YES;
				GCC_WARN_UNINITIALIZED_AUTOS = YES_AGGRESSIVE;
				GCC_WARN_UNUSED_FUNCTION = YES;
				GCC_WARN_UNUSED_VARIABLE = YES;
				IPHONEOS_DEPLOYMENT_TARGET = 8.3;
				MTL_ENABLE_DEBUG_INFO = NO;
				SDKROOT = iphoneos;
				VALIDATE_PRODUCT = YES;
			};
			name = Release;
		};
		6E8924BA1B427EFF00858C29 /* Debug */ = {
			isa = XCBuildConfiguration;
			buildSettings = {
				ASSETCATALOG_COMPILER_APPICON_NAME = AppIcon;
				INFOPLIST_FILE = Quartz2DDemo/Info.plist;
				LD_RUNPATH_SEARCH_PATHS = "$(inherited) @executable_path/Frameworks";
				PRODUCT_NAME = "$(TARGET_NAME)";
			};
			name = Debug;
		};
		6E8924BB1B427EFF00858C29 /* Release */ = {
			isa = XCBuildConfiguration;
			buildSettings = {
				ASSETCATALOG_COMPILER_APPICON_NAME = AppIcon;
				INFOPLIST_FILE = Quartz2DDemo/Info.plist;
				LD_RUNPATH_SEARCH_PATHS = "$(inherited) @executable_path/Frameworks";
				PRODUCT_NAME = "$(TARGET_NAME)";
			};
			name = Release;
		};
		6E8924BD1B427EFF00858C29 /* Debug */ = {
			isa = XCBuildConfiguration;
			buildSettings = {
				BUNDLE_LOADER = "$(TEST_HOST)";
				FRAMEWORK_SEARCH_PATHS = (
					"$(SDKROOT)/Developer/Library/Frameworks",
					"$(inherited)",
				);
				GCC_PREPROCESSOR_DEFINITIONS = (
					"DEBUG=1",
					"$(inherited)",
				);
				INFOPLIST_FILE = Quartz2DDemoTests/Info.plist;
				LD_RUNPATH_SEARCH_PATHS = "$(inherited) @executable_path/Frameworks @loader_path/Frameworks";
				PRODUCT_NAME = "$(TARGET_NAME)";
				TEST_HOST = "$(BUILT_PRODUCTS_DIR)/Quartz2DDemo.app/Quartz2DDemo";
			};
			name = Debug;
		};
		6E8924BE1B427EFF00858C29 /* Release */ = {
			isa = XCBuildConfiguration;
			buildSettings = {
				BUNDLE_LOADER = "$(TEST_HOST)";
				FRAMEWORK_SEARCH_PATHS = (
					"$(SDKROOT)/Developer/Library/Frameworks",
					"$(inherited)",
				);
				INFOPLIST_FILE = Quartz2DDemoTests/Info.plist;
				LD_RUNPATH_SEARCH_PATHS = "$(inherited) @executable_path/Frameworks @loader_path/Frameworks";
				PRODUCT_NAME = "$(TARGET_NAME)";
				TEST_HOST = "$(BUILT_PRODUCTS_DIR)/Quartz2DDemo.app/Quartz2DDemo";
			};
			name = Release;
		};
/* End XCBuildConfiguration section */

/* Begin XCConfigurationList section */
		6E8924911B427EFE00858C29 /* Build configuration list for PBXProject "Quartz2DDemo" */ = {
			isa = XCConfigurationList;
			buildConfigurations = (
				6E8924B71B427EFF00858C29 /* Debug */,
				6E8924B81B427EFF00858C29 /* Release */,
			);
			defaultConfigurationIsVisible = 0;
			defaultConfigurationName = Release;
		};
		6E8924B91B427EFF00858C29 /* Build configuration list for PBXNativeTarget "Quartz2DDemo" */ = {
			isa = XCConfigurationList;
			buildConfigurations = (
				6E8924BA1B427EFF00858C29 /* Debug */,
				6E8924BB1B427EFF00858C29 /* Release */,
			);
			defaultConfigurationIsVisible = 0;
		};
		6E8924BC1B427EFF00858C29 /* Build configuration list for PBXNativeTarget "Quartz2DDemoTests" */ = {
			isa = XCConfigurationList;
			buildConfigurations = (
				6E8924BD1B427EFF00858C29 /* Debug */,
				6E8924BE1B427EFF00858C29 /* Release */,
			);
			defaultConfigurationIsVisible = 0;
		};
/* End XCConfigurationList section */
	};
	rootObject = 6E89248E1B427EFD00858C29 /* Project object */;
}
